
Microsoft Visual Studio Solution File, Format Version 12.00
# Visual Studio Version 16
VisualStudioVersion = 16.0.32228.343
MinimumVisualStudioVersion = 10.0.40219.1
Project("{FAE04EC0-301F-11D3-BF4B-00C04F79EFBC}") = "Chamberlain_CourseProject_part2", "Chamberlain_CourseProject_part2\Chamberlain_CourseProject_part2.csproj", "{A6042613-628F-4916-9D65-A40CA93F9899}"
EndProject
Global
	GlobalSection(SolutionConfigurationPlatforms) = preSolution
		Debug|Any CPU = Debug|Any CPU
		Release|Any CPU = Release|Any CPU
	EndGlobalSection
	GlobalSection(ProjectConfigurationPlatforms) = postSolution
		{A6042613-628F-4916-9D65-A40CA93F9899}.Debug|Any CPU.ActiveCfg = Debug|Any CPU
		{A6042613-628F-4916-9D65-A40CA93F9899}.Debug|Any CPU.Build.0 = Debug|Any CPU
		{A6042613-628F-4916-9D65-A40CA93F9899}.Release|Any CPU.ActiveCfg = Release|Any CPU
		{A6042613-628F-4916-9D65-A40CA93F9899}.Release|Any CPU.Build.0 = Release|Any CPU
	EndGlobalSection
	GlobalSection(SolutionProperties) = preSolution
		HideSolutionNode = FALSE
	EndGlobalSection
	GlobalSection(ExtensibilityGlobals) = postSolution
		SolutionGuid = {53F0CA2C-B8FE-42A9-94A9-45521875FEE0}
	EndGlobalSection
EndGlobal
